
Microsoft Visual Studio Solution File, Format Version 12.00
# Visual Studio Version 17
VisualStudioVersion = 17.0.32112.339
MinimumVisualStudioVersion = 10.0.40219.1
Project("{FAE04EC0-301F-11D3-BF4B-00C04F79EFBC}") = "MyWebAppApis", "MyWebAppApis\MyWebAppApis.csproj", "{2F792DE3-BF86-46EE-8E29-54352AA944D2}"
EndProject
Global
	GlobalSection(SolutionConfigurationPlatforms) = preSolution
		Debug|Any CPU = Debug|Any CPU
		Release|Any CPU = Release|Any CPU
	EndGlobalSection
	GlobalSection(ProjectConfigurationPlatforms) = postSolution
		{2F792DE3-BF86-46EE-8E29-54352AA944D2}.Debug|Any CPU.ActiveCfg = Debug|Any CPU
		{2F792DE3-BF86-46EE-8E29-54352AA944D2}.Debug|Any CPU.Build.0 = Debug|Any CPU
		{2F792DE3-BF86-46EE-8E29-54352AA944D2}.Release|Any CPU.ActiveCfg = Release|Any CPU
		{2F792DE3-BF86-46EE-8E29-54352AA944D2}.Release|Any CPU.Build.0 = Release|Any CPU
	EndGlobalSection
	GlobalSection(SolutionProperties) = preSolution
		HideSolutionNode = FALSE
	EndGlobalSection
	GlobalSection(ExtensibilityGlobals) = postSolution
		SolutionGuid = {5C9C8698-070B-4ACC-88D7-769CF4AB06A6}
	EndGlobalSection
EndGlobal
